{
  "name": "@sap/mbt",
  "version": "0.0.0-dev",
  "lockfileVersion": 3,
  "requires": true,
  "packages": {
    "": {
      "name": "@sap/mbt",
      "version": "0.0.0-dev",
      "license": "Apache-2.0",
      "bin": {
        "mbt": "bin/mbt"
      },
      "optionalDependencies": {
        "@sap/mbt-darwin-arm64": "0.0.0-dev",
        "@sap/mbt-darwin-x64": "0.0.0-dev",
        "@sap/mbt-linux-arm64": "0.0.0-dev",
        "@sap/mbt-linux-x64": "0.0.0-dev",
        "@sap/mbt-win32-x64": "0.0.0-dev"
      }
    }
  }
}
