{
	"name": "approuterUIDeployer",
	"requires": true,
	"lockfileVersion": 1,
	"dependencies": {
		"@sap/html5-app-deployer": {
			"version": "2.0.0",
			"resolved": "https://nexus.wdf.sap.corp:8443/nexus/repository/build.milestones.npm/@sap/html5-app-deployer/-/html5-app-deployer-2.0.0.tgz",
			"integrity": "sha1-jAPvjVZQD+pJ8/jp5NOIpJCzONU=",
			"requires": {
				"archiver": "1.3.0",
				"async": "2.6.0",
				"cf-nodejs-logging-support": "2.1.0",
				"file-type": "7.6.0",
				"request": "2.81.0"
			}
		},
		"ajv": {
			"version": "4.11.8",
			"resolved": "https://nexus.wdf.sap.corp:8443/nexus/repository/build.milestones.npm/ajv/-/ajv-4.11.8.tgz",
			"integrity": "sha1-gv+wKynmYq5TvcIK8VlHcGc5xTY=",
			"requires": {
				"co": "^4.6.0",
				"json-stable-stringify": "^1.0.1"
			}
		},
		"archiver": {
			"version": "1.3.0",
			"resolved": "https://nexus.wdf.sap.corp:8443/nexus/repository/build.milestones.npm/archiver/-/archiver-1.3.0.tgz",
			"integrity": "sha1-TyGU1tj5nfP1MeaIHxTxXVX6ryI=",
			"requires": {
				"archiver-utils": "^1.3.0",
				"async": "^2.0.0",
				"buffer-crc32": "^0.2.1",
				"glob": "^7.0.0",
				"lodash": "^4.8.0",
				"readable-stream": "^2.0.0",
				"tar-stream": "^1.5.0",
				"walkdir": "^0.0.11",
				"zip-stream": "^1.1.0"
			}
		},
		"archiver-utils": {
			"version": "1.3.0",
			"resolved": "https://nexus.wdf.sap.corp:8443/nexus/repository/build.milestones.npm/archiver-utils/-/archiver-utils-1.3.0.tgz",
			"integrity": "sha1-5QtMCccL89aA4y/xt5lOn52JUXQ=",
			"requires": {
				"glob": "^7.0.0",
				"graceful-fs": "^4.1.0",
				"lazystream": "^1.0.0",
				"lodash": "^4.8.0",
				"normalize-path": "^2.0.0",
				"readable-stream": "^2.0.0"
			}
		},
		"asn1": {
			"version": "0.2.4",
			"resolved": "https://nexus.wdf.sap.corp:8443/nexus/repository/build.milestones.npm/asn1/-/asn1-0.2.4.tgz",
			"integrity": "sha512-jxwzQpLQjSmWXgwaCZE9Nz+glAG01yF1QnWgbhGwHI5A6FRIEY6IVqtHhIepHqI7/kyEyQEagBC5mBEFlIYvdg==",
			"requires": {
				"safer-buffer": "~2.1.0"
			}
		},
		"assert-plus": {
			"version": "0.2.0",
			"resolved": "https://nexus.wdf.sap.corp:8443/nexus/repository/build.milestones.npm/assert-plus/-/assert-plus-0.2.0.tgz",
			"integrity": "sha1-104bh+ev/A24qttwIfP+SBAasjQ="
		},
		"async": {
			"version": "2.6.0",
			"resolved": "https://nexus.wdf.sap.corp:8443/nexus/repository/build.milestones.npm/async/-/async-2.6.0.tgz",
			"integrity": "sha512-xAfGg1/NTLBBKlHFmnd7PlmUW9KhVQIUuSrYem9xzFUZy13ScvtyGGejaae9iAVRiRq9+Cx7DPFaAAhCpyxyPw==",
			"requires": {
				"lodash": "^4.14.0"
			}
		},
		"asynckit": {
			"version": "0.4.0",
			"resolved": "https://nexus.wdf.sap.corp:8443/nexus/repository/build.milestones.npm/asynckit/-/asynckit-0.4.0.tgz",
			"integrity": "sha1-x57Zf380y48robyXkLzDZkdLS3k="
		},
		"aws-sign2": {
			"version": "0.6.0",
			"resolved": "https://nexus.wdf.sap.corp:8443/nexus/repository/build.milestones.npm/aws-sign2/-/aws-sign2-0.6.0.tgz",
			"integrity": "sha1-FDQt0428yU0OW4fXY81jYSwOeU8="
		},
		"aws4": {
			"version": "1.8.0",
			"resolved": "https://nexus.wdf.sap.corp:8443/nexus/repository/build.milestones.npm/aws4/-/aws4-1.8.0.tgz",
			"integrity": "sha512-ReZxvNHIOv88FlT7rxcXIIC0fPt4KZqZbOlivyWtXLt8ESx84zd3kMC6iK5jVeS2qt+g7ftS7ye4fi06X5rtRQ=="
		},
		"balanced-match": {
			"version": "1.0.0",
			"resolved": "https://nexus.wdf.sap.corp:8443/nexus/repository/build.milestones.npm/balanced-match/-/balanced-match-1.0.0.tgz",
			"integrity": "sha1-ibTRmasr7kneFk6gK4nORi1xt2c="
		},
		"base64-js": {
			"version": "1.3.0",
			"resolved": "https://nexus.wdf.sap.corp:8443/nexus/repository/build.milestones.npm/base64-js/-/base64-js-1.3.0.tgz",
			"integrity": "sha512-ccav/yGvoa80BQDljCxsmmQ3Xvx60/UpBIij5QN21W3wBi/hhIC9OoO+KLpu9IJTS9j4DRVJ3aDDF9cMSoa2lw=="
		},
		"bcrypt-pbkdf": {
			"version": "1.0.2",
			"resolved": "https://nexus.wdf.sap.corp:8443/nexus/repository/build.milestones.npm/bcrypt-pbkdf/-/bcrypt-pbkdf-1.0.2.tgz",
			"integrity": "sha1-pDAdOJtqQ/m2f/PKEaP2Y342Dp4=",
			"requires": {
				"tweetnacl": "^0.14.3"
			}
		},
		"bl": {
			"version": "1.2.2",
			"resolved": "https://nexus.wdf.sap.corp:8443/nexus/repository/build.milestones.npm/bl/-/bl-1.2.2.tgz",
			"integrity": "sha512-e8tQYnZodmebYDWGH7KMRvtzKXaJHx3BbilrgZCfvyLUYdKpK1t5PSPmpkny/SgiTSCnjfLW7v5rlONXVFkQEA==",
			"requires": {
				"readable-stream": "^2.3.5",
				"safe-buffer": "^5.1.1"
			}
		},
		"boom": {
			"version": "2.10.1",
			"resolved": "https://nexus.wdf.sap.corp:8443/nexus/repository/build.milestones.npm/boom/-/boom-2.10.1.tgz",
			"integrity": "sha1-OciRjO/1eZ+D+UkqhI9iWt0Mdm8=",
			"requires": {
				"hoek": "2.x.x"
			}
		},
		"brace-expansion": {
			"version": "1.1.11",
			"resolved": "https://nexus.wdf.sap.corp:8443/nexus/repository/build.milestones.npm/brace-expansion/-/brace-expansion-1.1.11.tgz",
			"integrity": "sha512-iCuPHDFgrHX7H2vEI/5xpz07zSHB00TpugqhmYtVmMO6518mCuRMoOYFldEBl0g187ufozdaHgWKcYFb61qGiA==",
			"requires": {
				"balanced-match": "^1.0.0",
				"concat-map": "0.0.1"
			}
		},
		"buffer": {
			"version": "5.2.1",
			"resolved": "https://nexus.wdf.sap.corp:8443/nexus/repository/build.milestones.npm/buffer/-/buffer-5.2.1.tgz",
			"integrity": "sha512-c+Ko0loDaFfuPWiL02ls9Xd3GO3cPVmUobQ6t3rXNUk304u6hGq+8N/kFi+QEIKhzK3uwolVhLzszmfLmMLnqg==",
			"requires": {
				"base64-js": "^1.0.2",
				"ieee754": "^1.1.4"
			}
		},
		"buffer-alloc": {
			"version": "1.2.0",
			"resolved": "https://nexus.wdf.sap.corp:8443/nexus/repository/build.milestones.npm/buffer-alloc/-/buffer-alloc-1.2.0.tgz",
			"integrity": "sha512-CFsHQgjtW1UChdXgbyJGtnm+O/uLQeZdtbDo8mfUgYXCHSM1wgrVxXm6bSyrUuErEb+4sYVGCzASBRot7zyrow==",
			"requires": {
				"buffer-alloc-unsafe": "^1.1.0",
				"buffer-fill": "^1.0.0"
			}
		},
		"buffer-alloc-unsafe": {
			"version": "1.1.0",
			"resolved": "https://nexus.wdf.sap.corp:8443/nexus/repository/build.milestones.npm/buffer-alloc-unsafe/-/buffer-alloc-unsafe-1.1.0.tgz",
			"integrity": "sha512-TEM2iMIEQdJ2yjPJoSIsldnleVaAk1oW3DBVUykyOLsEsFmEc9kn+SFFPz+gl54KQNxlDnAwCXosOS9Okx2xAg=="
		},
		"buffer-crc32": {
			"version": "0.2.13",
			"resolved": "https://nexus.wdf.sap.corp:8443/nexus/repository/build.milestones.npm/buffer-crc32/-/buffer-crc32-0.2.13.tgz",
			"integrity": "sha1-DTM+PwDqxQqhRUq9MO+MKl2ackI="
		},
		"buffer-fill": {
			"version": "1.0.0",
			"resolved": "https://nexus.wdf.sap.corp:8443/nexus/repository/build.milestones.npm/buffer-fill/-/buffer-fill-1.0.0.tgz",
			"integrity": "sha1-+PeLdniYiO858gXNY39o5wISKyw="
		},
		"caseless": {
			"version": "0.12.0",
			"resolved": "https://nexus.wdf.sap.corp:8443/nexus/repository/build.milestones.npm/caseless/-/caseless-0.12.0.tgz",
			"integrity": "sha1-G2gcIf+EAzyCZUMJBolCDRhxUdw="
		},
		"cf-nodejs-logging-support": {
			"version": "2.1.0",
			"resolved": "https://nexus.wdf.sap.corp:8443/nexus/repository/build.milestones.npm/cf-nodejs-logging-support/-/cf-nodejs-logging-support-2.1.0.tgz",
			"integrity": "sha1-mGRAxjLVtxcSk442Gkynjy/vhbw=",
			"requires": {
				"uuid": "3.0.1"
			}
		},
		"co": {
			"version": "4.6.0",
			"resolved": "https://nexus.wdf.sap.corp:8443/nexus/repository/build.milestones.npm/co/-/co-4.6.0.tgz",
			"integrity": "sha1-bqa989hTrlTMuOR7+gvz+QMfsYQ="
		},
		"combined-stream": {
			"version": "1.0.7",
			"resolved": "https://nexus.wdf.sap.corp:8443/nexus/repository/build.milestones.npm/combined-stream/-/combined-stream-1.0.7.tgz",
			"integrity": "sha512-brWl9y6vOB1xYPZcpZde3N9zDByXTosAeMDo4p1wzo6UMOX4vumB+TP1RZ76sfE6Md68Q0NJSrE/gbezd4Ul+w==",
			"requires": {
				"delayed-stream": "~1.0.0"
			}
		},
		"compress-commons": {
			"version": "1.2.2",
			"resolved": "https://nexus.wdf.sap.corp:8443/nexus/repository/build.milestones.npm/compress-commons/-/compress-commons-1.2.2.tgz",
			"integrity": "sha1-UkqfEJA/OoEzibAiXSfEi7dRiQ8=",
			"requires": {
				"buffer-crc32": "^0.2.1",
				"crc32-stream": "^2.0.0",
				"normalize-path": "^2.0.0",
				"readable-stream": "^2.0.0"
			}
		},
		"concat-map": {
			"version": "0.0.1",
			"resolved": "https://nexus.wdf.sap.corp:8443/nexus/repository/build.milestones.npm/concat-map/-/concat-map-0.0.1.tgz",
			"integrity": "sha1-2Klr13/Wjfd5OnMDajug1UBdR3s="
		},
		"core-util-is": {
			"version": "1.0.2",
			"resolved": "https://nexus.wdf.sap.corp:8443/nexus/repository/build.milestones.npm/core-util-is/-/core-util-is-1.0.2.tgz",
			"integrity": "sha1-tf1UIgqivFq1eqtxQMlAdUUDwac="
		},
		"crc": {
			"version": "3.8.0",
			"resolved": "https://nexus.wdf.sap.corp:8443/nexus/repository/build.milestones.npm/crc/-/crc-3.8.0.tgz",
			"integrity": "sha512-iX3mfgcTMIq3ZKLIsVFAbv7+Mc10kxabAGQb8HvjA1o3T1PIYprbakQ65d3I+2HGHt6nSKkM9PYjgoJO2KcFBQ==",
			"requires": {
				"buffer": "^5.1.0"
			}
		},
		"crc32-stream": {
			"version": "2.0.0",
			"resolved": "https://nexus.wdf.sap.corp:8443/nexus/repository/build.milestones.npm/crc32-stream/-/crc32-stream-2.0.0.tgz",
			"integrity": "sha1-483TtN8xaN10494/u8t7KX/pCPQ=",
			"requires": {
				"crc": "^3.4.4",
				"readable-stream": "^2.0.0"
			}
		},
		"cryptiles": {
			"version": "2.0.5",
			"resolved": "https://nexus.wdf.sap.corp:8443/nexus/repository/build.milestones.npm/cryptiles/-/cryptiles-2.0.5.tgz",
			"integrity": "sha1-O9/s3GCBR8HGcgL6KR59ylnqo7g=",
			"requires": {
				"boom": "2.x.x"
			}
		},
		"dashdash": {
			"version": "1.14.1",
			"resolved": "https://nexus.wdf.sap.corp:8443/nexus/repository/build.milestones.npm/dashdash/-/dashdash-1.14.1.tgz",
			"integrity": "sha1-hTz6D3y+L+1d4gMmuN1YEDX24vA=",
			"requires": {
				"assert-plus": "^1.0.0"
			},
			"dependencies": {
				"assert-plus": {
					"version": "1.0.0",
					"resolved": "https://nexus.wdf.sap.corp:8443/nexus/repository/build.milestones.npm/assert-plus/-/assert-plus-1.0.0.tgz",
					"integrity": "sha1-8S4PPF13sLHN2RRpQuTpbB5N1SU="
				}
			}
		},
		"delayed-stream": {
			"version": "1.0.0",
			"resolved": "https://nexus.wdf.sap.corp:8443/nexus/repository/build.milestones.npm/delayed-stream/-/delayed-stream-1.0.0.tgz",
			"integrity": "sha1-3zrhmayt+31ECqrgsp4icrJOxhk="
		},
		"ecc-jsbn": {
			"version": "0.1.2",
			"resolved": "https://nexus.wdf.sap.corp:8443/nexus/repository/build.milestones.npm/ecc-jsbn/-/ecc-jsbn-0.1.2.tgz",
			"integrity": "sha1-OoOpBOVDUyh4dMVkt1SThoSamMk=",
			"requires": {
				"jsbn": "~0.1.0",
				"safer-buffer": "^2.1.0"
			}
		},
		"end-of-stream": {
			"version": "1.4.1",
			"resolved": "https://nexus.wdf.sap.corp:8443/nexus/repository/build.milestones.npm/end-of-stream/-/end-of-stream-1.4.1.tgz",
			"integrity": "sha512-1MkrZNvWTKCaigbn+W15elq2BB/L22nqrSY5DKlo3X6+vclJm8Bb5djXJBmEX6fS3+zCh/F4VBK5Z2KxJt4s2Q==",
			"requires": {
				"once": "^1.4.0"
			}
		},
		"extend": {
			"version": "3.0.2",
			"resolved": "https://nexus.wdf.sap.corp:8443/nexus/repository/build.milestones.npm/extend/-/extend-3.0.2.tgz",
			"integrity": "sha512-fjquC59cD7CyW6urNXK0FBufkZcoiGG80wTuPujX590cB5Ttln20E2UB4S/WARVqhXffZl2LNgS+gQdPIIim/g=="
		},
		"extsprintf": {
			"version": "1.3.0",
			"resolved": "https://nexus.wdf.sap.corp:8443/nexus/repository/build.milestones.npm/extsprintf/-/extsprintf-1.3.0.tgz",
			"integrity": "sha1-lpGEQOMEGnpBT4xS48V06zw+HgU="
		},
		"file-type": {
			"version": "7.6.0",
			"resolved": "https://nexus.wdf.sap.corp:8443/nexus/repository/build.milestones.npm/file-type/-/file-type-7.6.0.tgz",
			"integrity": "sha512-EAogdjMKf0PEU26Wk+N/Qkg8JXpMRo9t70dg7+t9QvcYUZb/XfA66Hdt15g4xRdam4wgiQsg/qycKUIuZQDJog=="
		},
		"forever-agent": {
			"version": "0.6.1",
			"resolved": "https://nexus.wdf.sap.corp:8443/nexus/repository/build.milestones.npm/forever-agent/-/forever-agent-0.6.1.tgz",
			"integrity": "sha1-+8cfDEGt6zf5bFd60e1C2P2sypE="
		},
		"form-data": {
			"version": "2.1.4",
			"resolved": "https://nexus.wdf.sap.corp:8443/nexus/repository/build.milestones.npm/form-data/-/form-data-2.1.4.tgz",
			"integrity": "sha1-M8GDrPGTJ27KqYFDpp6Uv+4XUNE=",
			"requires": {
				"asynckit": "^0.4.0",
				"combined-stream": "^1.0.5",
				"mime-types": "^2.1.12"
			}
		},
		"fs-constants": {
			"version": "1.0.0",
			"resolved": "https://nexus.wdf.sap.corp:8443/nexus/repository/build.milestones.npm/fs-constants/-/fs-constants-1.0.0.tgz",
			"integrity": "sha512-y6OAwoSIf7FyjMIv94u+b5rdheZEjzR63GTyZJm5qh4Bi+2YgwLCcI/fPFZkL5PSixOt6ZNKm+w+Hfp/Bciwow=="
		},
		"fs.realpath": {
			"version": "1.0.0",
			"resolved": "https://nexus.wdf.sap.corp:8443/nexus/repository/build.milestones.npm/fs.realpath/-/fs.realpath-1.0.0.tgz",
			"integrity": "sha1-FQStJSMVjKpA20onh8sBQRmU6k8="
		},
		"getpass": {
			"version": "0.1.7",
			"resolved": "https://nexus.wdf.sap.corp:8443/nexus/repository/build.milestones.npm/getpass/-/getpass-0.1.7.tgz",
			"integrity": "sha1-Xv+OPmhNVprkyysSgmBOi6YhSfo=",
			"requires": {
				"assert-plus": "^1.0.0"
			},
			"dependencies": {
				"assert-plus": {
					"version": "1.0.0",
					"resolved": "https://nexus.wdf.sap.corp:8443/nexus/repository/build.milestones.npm/assert-plus/-/assert-plus-1.0.0.tgz",
					"integrity": "sha1-8S4PPF13sLHN2RRpQuTpbB5N1SU="
				}
			}
		},
		"glob": {
			"version": "7.1.3",
			"resolved": "https://nexus.wdf.sap.corp:8443/nexus/repository/build.milestones.npm/glob/-/glob-7.1.3.tgz",
			"integrity": "sha512-vcfuiIxogLV4DlGBHIUOwI0IbrJ8HWPc4MU7HzviGeNho/UJDfi6B5p3sHeWIQ0KGIU0Jpxi5ZHxemQfLkkAwQ==",
			"requires": {
				"fs.realpath": "^1.0.0",
				"inflight": "^1.0.4",
				"inherits": "2",
				"minimatch": "^3.0.4",
				"once": "^1.3.0",
				"path-is-absolute": "^1.0.0"
			}
		},
		"graceful-fs": {
			"version": "4.1.15",
			"resolved": "https://nexus.wdf.sap.corp:8443/nexus/repository/build.milestones.npm/graceful-fs/-/graceful-fs-4.1.15.tgz",
			"integrity": "sha512-6uHUhOPEBgQ24HM+r6b/QwWfZq+yiFcipKFrOFiBEnWdy5sdzYoi+pJeQaPI5qOLRFqWmAXUPQNsielzdLoecA=="
		},
		"har-schema": {
			"version": "1.0.5",
			"resolved": "https://nexus.wdf.sap.corp:8443/nexus/repository/build.milestones.npm/har-schema/-/har-schema-1.0.5.tgz",
			"integrity": "sha1-0mMTX0MwfALGAq/I/pWXDAFRNp4="
		},
		"har-validator": {
			"version": "4.2.1",
			"resolved": "https://nexus.wdf.sap.corp:8443/nexus/repository/build.milestones.npm/har-validator/-/har-validator-4.2.1.tgz",
			"integrity": "sha1-M0gdDxu/9gDdID11gSpqX7oALio=",
			"requires": {
				"ajv": "^4.9.1",
				"har-schema": "^1.0.5"
			}
		},
		"hawk": {
			"version": "3.1.3",
			"resolved": "https://nexus.wdf.sap.corp:8443/nexus/repository/build.milestones.npm/hawk/-/hawk-3.1.3.tgz",
			"integrity": "sha1-B4REvXwWQLD+VA0sm3PVlnjo4cQ=",
			"requires": {
				"boom": "2.x.x",
				"cryptiles": "2.x.x",
				"hoek": "2.x.x",
				"sntp": "1.x.x"
			}
		},
		"hoek": {
			"version": "2.16.3",
			"resolved": "https://nexus.wdf.sap.corp:8443/nexus/repository/build.milestones.npm/hoek/-/hoek-2.16.3.tgz",
			"integrity": "sha1-ILt0A9POo5jpHcRxCo/xuCdKJe0="
		},
		"http-signature": {
			"version": "1.1.1",
			"resolved": "https://nexus.wdf.sap.corp:8443/nexus/repository/build.milestones.npm/http-signature/-/http-signature-1.1.1.tgz",
			"integrity": "sha1-33LiZwZs0Kxn+3at+OE0qPvPkb8=",
			"requires": {
				"assert-plus": "^0.2.0",
				"jsprim": "^1.2.2",
				"sshpk": "^1.7.0"
			}
		},
		"ieee754": {
			"version": "1.1.13",
			"resolved": "https://nexus.wdf.sap.corp:8443/nexus/repository/build.milestones.npm/ieee754/-/ieee754-1.1.13.tgz",
			"integrity": "sha512-4vf7I2LYV/HaWerSo3XmlMkp5eZ83i+/CDluXi/IGTs/O1sejBNhTtnxzmRZfvOUqj7lZjqHkeTvpgSFDlWZTg=="
		},
		"inflight": {
			"version": "1.0.6",
			"resolved": "https://nexus.wdf.sap.corp:8443/nexus/repository/build.milestones.npm/inflight/-/inflight-1.0.6.tgz",
			"integrity": "sha1-Sb1jMdfQLQwJvJEKEHW6gWW1bfk=",
			"requires": {
				"once": "^1.3.0",
				"wrappy": "1"
			}
		},
		"inherits": {
			"version": "2.0.3",
			"resolved": "https://nexus.wdf.sap.corp:8443/nexus/repository/build.milestones.npm/inherits/-/inherits-2.0.3.tgz",
			"integrity": "sha1-Yzwsg+PaQqUC9SRmAiSA9CCCYd4="
		},
		"is-typedarray": {
			"version": "1.0.0",
			"resolved": "https://nexus.wdf.sap.corp:8443/nexus/repository/build.milestones.npm/is-typedarray/-/is-typedarray-1.0.0.tgz",
			"integrity": "sha1-5HnICFjfDBsR3dppQPlgEfzaSpo="
		},
		"isarray": {
			"version": "1.0.0",
			"resolved": "https://nexus.wdf.sap.corp:8443/nexus/repository/build.milestones.npm/isarray/-/isarray-1.0.0.tgz",
			"integrity": "sha1-u5NdSFgsuhaMBoNJV6VKPgcSTxE="
		},
		"isstream": {
			"version": "0.1.2",
			"resolved": "https://nexus.wdf.sap.corp:8443/nexus/repository/build.milestones.npm/isstream/-/isstream-0.1.2.tgz",
			"integrity": "sha1-R+Y/evVa+m+S4VAOaQ64uFKcCZo="
		},
		"jsbn": {
			"version": "0.1.1",
			"resolved": "https://nexus.wdf.sap.corp:8443/nexus/repository/build.milestones.npm/jsbn/-/jsbn-0.1.1.tgz",
			"integrity": "sha1-peZUwuWi3rXyAdls77yoDA7y9RM="
		},
		"json-schema": {
			"version": "0.2.3",
			"resolved": "https://nexus.wdf.sap.corp:8443/nexus/repository/build.milestones.npm/json-schema/-/json-schema-0.2.3.tgz",
			"integrity": "sha1-tIDIkuWaLwWVTOcnvT8qTogvnhM="
		},
		"json-stable-stringify": {
			"version": "1.0.1",
			"resolved": "https://nexus.wdf.sap.corp:8443/nexus/repository/build.milestones.npm/json-stable-stringify/-/json-stable-stringify-1.0.1.tgz",
			"integrity": "sha1-mnWdOcXy/1A/1TAGRu1EX4jE+a8=",
			"requires": {
				"jsonify": "~0.0.0"
			}
		},
		"json-stringify-safe": {
			"version": "5.0.1",
			"resolved": "https://nexus.wdf.sap.corp:8443/nexus/repository/build.milestones.npm/json-stringify-safe/-/json-stringify-safe-5.0.1.tgz",
			"integrity": "sha1-Epai1Y/UXxmg9s4B1lcB4sc1tus="
		},
		"jsonify": {
			"version": "0.0.0",
			"resolved": "https://nexus.wdf.sap.corp:8443/nexus/repository/build.milestones.npm/jsonify/-/jsonify-0.0.0.tgz",
			"integrity": "sha1-LHS27kHZPKUbe1qu6PUDYx0lKnM="
		},
		"jsprim": {
			"version": "1.4.1",
			"resolved": "https://nexus.wdf.sap.corp:8443/nexus/repository/build.milestones.npm/jsprim/-/jsprim-1.4.1.tgz",
			"integrity": "sha1-MT5mvB5cwG5Di8G3SZwuXFastqI=",
			"requires": {
				"assert-plus": "1.0.0",
				"extsprintf": "1.3.0",
				"json-schema": "0.2.3",
				"verror": "1.10.0"
			},
			"dependencies": {
				"assert-plus": {
					"version": "1.0.0",
					"resolved": "https://nexus.wdf.sap.corp:8443/nexus/repository/build.milestones.npm/assert-plus/-/assert-plus-1.0.0.tgz",
					"integrity": "sha1-8S4PPF13sLHN2RRpQuTpbB5N1SU="
				}
			}
		},
		"lazystream": {
			"version": "1.0.0",
			"resolved": "https://nexus.wdf.sap.corp:8443/nexus/repository/build.milestones.npm/lazystream/-/lazystream-1.0.0.tgz",
			"integrity": "sha1-9plf4PggOS9hOWvolGJAe7dxaOQ=",
			"requires": {
				"readable-stream": "^2.0.5"
			}
		},
		"lodash": {
			"version": "4.17.11",
			"resolved": "https://nexus.wdf.sap.corp:8443/nexus/repository/build.milestones.npm/lodash/-/lodash-4.17.11.tgz",
			"integrity": "sha512-cQKh8igo5QUhZ7lg38DYWAxMvjSAKG0A8wGSVimP07SIUEK2UO+arSRKbRZWtelMtN5V0Hkwh5ryOto/SshYIg=="
		},
		"mime-db": {
			"version": "1.38.0",
			"resolved": "https://nexus.wdf.sap.corp:8443/nexus/repository/build.milestones.npm/mime-db/-/mime-db-1.38.0.tgz",
			"integrity": "sha512-bqVioMFFzc2awcdJZIzR3HjZFX20QhilVS7hytkKrv7xFAn8bM1gzc/FOX2awLISvWe0PV8ptFKcon+wZ5qYkg=="
		},
		"mime-types": {
			"version": "2.1.22",
			"resolved": "https://nexus.wdf.sap.corp:8443/nexus/repository/build.milestones.npm/mime-types/-/mime-types-2.1.22.tgz",
			"integrity": "sha512-aGl6TZGnhm/li6F7yx82bJiBZwgiEa4Hf6CNr8YO+r5UHr53tSTYZb102zyU50DOWWKeOv0uQLRL0/9EiKWCog==",
			"requires": {
				"mime-db": "~1.38.0"
			}
		},
		"minimatch": {
			"version": "3.0.4",
			"resolved": "https://nexus.wdf.sap.corp:8443/nexus/repository/build.milestones.npm/minimatch/-/minimatch-3.0.4.tgz",
			"integrity": "sha512-yJHVQEhyqPLUTgt9B83PXu6W3rx4MvvHvSUvToogpwoGDOUQ+yDrR0HRot+yOCdCO7u4hX3pWft6kWBBcqh0UA==",
			"requires": {
				"brace-expansion": "^1.1.7"
			}
		},
		"normalize-path": {
			"version": "2.1.1",
			"resolved": "https://nexus.wdf.sap.corp:8443/nexus/repository/build.milestones.npm/normalize-path/-/normalize-path-2.1.1.tgz",
			"integrity": "sha1-GrKLVW4Zg2Oowab35vogE3/mrtk=",
			"requires": {
				"remove-trailing-separator": "^1.0.1"
			}
		},
		"oauth-sign": {
			"version": "0.8.2",
			"resolved": "https://nexus.wdf.sap.corp:8443/nexus/repository/build.milestones.npm/oauth-sign/-/oauth-sign-0.8.2.tgz",
			"integrity": "sha1-Rqarfwrq2N6unsBWV4C31O/rnUM="
		},
		"once": {
			"version": "1.4.0",
			"resolved": "https://nexus.wdf.sap.corp:8443/nexus/repository/build.milestones.npm/once/-/once-1.4.0.tgz",
			"integrity": "sha1-WDsap3WWHUsROsF9nFC6753Xa9E=",
			"requires": {
				"wrappy": "1"
			}
		},
		"path-is-absolute": {
			"version": "1.0.1",
			"resolved": "https://nexus.wdf.sap.corp:8443/nexus/repository/build.milestones.npm/path-is-absolute/-/path-is-absolute-1.0.1.tgz",
			"integrity": "sha1-F0uSaHNVNP+8es5r9TpanhtcX18="
		},
		"performance-now": {
			"version": "0.2.0",
			"resolved": "https://nexus.wdf.sap.corp:8443/nexus/repository/build.milestones.npm/performance-now/-/performance-now-0.2.0.tgz",
			"integrity": "sha1-M+8wxcd9TqIcWlOGnZG1bY8lVeU="
		},
		"process-nextick-args": {
			"version": "2.0.0",
			"resolved": "https://nexus.wdf.sap.corp:8443/nexus/repository/build.milestones.npm/process-nextick-args/-/process-nextick-args-2.0.0.tgz",
			"integrity": "sha512-MtEC1TqN0EU5nephaJ4rAtThHtC86dNN9qCuEhtshvpVBkAW5ZO7BASN9REnF9eoXGcRub+pFuKEpOHE+HbEMw=="
		},
		"punycode": {
			"version": "1.4.1",
			"resolved": "https://nexus.wdf.sap.corp:8443/nexus/repository/build.milestones.npm/punycode/-/punycode-1.4.1.tgz",
			"integrity": "sha1-wNWmOycYgArY4esPpSachN1BhF4="
		},
		"qs": {
			"version": "6.4.0",
			"resolved": "https://nexus.wdf.sap.corp:8443/nexus/repository/build.milestones.npm/qs/-/qs-6.4.0.tgz",
			"integrity": "sha1-E+JtKK1rD/qpExLNO/cI7TUecjM="
		},
		"readable-stream": {
			"version": "2.3.6",
			"resolved": "https://nexus.wdf.sap.corp:8443/nexus/repository/build.milestones.npm/readable-stream/-/readable-stream-2.3.6.tgz",
			"integrity": "sha512-tQtKA9WIAhBF3+VLAseyMqZeBjW0AHJoxOtYqSUZNJxauErmLbVm2FW1y+J/YA9dUrAC39ITejlZWhVIwawkKw==",
			"requires": {
				"core-util-is": "~1.0.0",
				"inherits": "~2.0.3",
				"isarray": "~1.0.0",
				"process-nextick-args": "~2.0.0",
				"safe-buffer": "~5.1.1",
				"string_decoder": "~1.1.1",
				"util-deprecate": "~1.0.1"
			}
		},
		"remove-trailing-separator": {
			"version": "1.1.0",
			"resolved": "https://nexus.wdf.sap.corp:8443/nexus/repository/build.milestones.npm/remove-trailing-separator/-/remove-trailing-separator-1.1.0.tgz",
			"integrity": "sha1-wkvOKig62tW8P1jg1IJJuSN52O8="
		},
		"request": {
			"version": "2.81.0",
			"resolved": "https://nexus.wdf.sap.corp:8443/nexus/repository/build.milestones.npm/request/-/request-2.81.0.tgz",
			"integrity": "sha1-xpKJRqDgbF+Nb4qTM0af/aRimKA=",
			"requires": {
				"aws-sign2": "~0.6.0",
				"aws4": "^1.2.1",
				"caseless": "~0.12.0",
				"combined-stream": "~1.0.5",
				"extend": "~3.0.0",
				"forever-agent": "~0.6.1",
				"form-data": "~2.1.1",
				"har-validator": "~4.2.1",
				"hawk": "~3.1.3",
				"http-signature": "~1.1.0",
				"is-typedarray": "~1.0.0",
				"isstream": "~0.1.2",
				"json-stringify-safe": "~5.0.1",
				"mime-types": "~2.1.7",
				"oauth-sign": "~0.8.1",
				"performance-now": "^0.2.0",
				"qs": "~6.4.0",
				"safe-buffer": "^5.0.1",
				"stringstream": "~0.0.4",
				"tough-cookie": "~2.3.0",
				"tunnel-agent": "^0.6.0",
				"uuid": "^3.0.0"
			}
		},
		"safe-buffer": {
			"version": "5.1.2",
			"resolved": "https://nexus.wdf.sap.corp:8443/nexus/repository/build.milestones.npm/safe-buffer/-/safe-buffer-5.1.2.tgz",
			"integrity": "sha512-Gd2UZBJDkXlY7GbJxfsE8/nvKkUEU1G38c1siN6QP6a9PT9MmHB8GnpscSmMJSoF8LOIrt8ud/wPtojys4G6+g=="
		},
		"safer-buffer": {
			"version": "2.1.2",
			"resolved": "https://nexus.wdf.sap.corp:8443/nexus/repository/build.milestones.npm/safer-buffer/-/safer-buffer-2.1.2.tgz",
			"integrity": "sha512-YZo3K82SD7Riyi0E1EQPojLz7kpepnSQI9IyPbHHg1XXXevb5dJI7tpyN2ADxGcQbHG7vcyRHk0cbwqcQriUtg=="
		},
		"sntp": {
			"version": "1.0.9",
			"resolved": "https://nexus.wdf.sap.corp:8443/nexus/repository/build.milestones.npm/sntp/-/sntp-1.0.9.tgz",
			"integrity": "sha1-ZUEYTMkK7qbG57NeJlkIJEPGYZg=",
			"requires": {
				"hoek": "2.x.x"
			}
		},
		"sshpk": {
			"version": "1.16.1",
			"resolved": "https://nexus.wdf.sap.corp:8443/nexus/repository/build.milestones.npm/sshpk/-/sshpk-1.16.1.tgz",
			"integrity": "sha512-HXXqVUq7+pcKeLqqZj6mHFUMvXtOJt1uoUx09pFW6011inTMxqI8BA8PM95myrIyyKwdnzjdFjLiE6KBPVtJIg==",
			"requires": {
				"asn1": "~0.2.3",
				"assert-plus": "^1.0.0",
				"bcrypt-pbkdf": "^1.0.0",
				"dashdash": "^1.12.0",
				"ecc-jsbn": "~0.1.1",
				"getpass": "^0.1.1",
				"jsbn": "~0.1.0",
				"safer-buffer": "^2.0.2",
				"tweetnacl": "~0.14.0"
			},
			"dependencies": {
				"assert-plus": {
					"version": "1.0.0",
					"resolved": "https://nexus.wdf.sap.corp:8443/nexus/repository/build.milestones.npm/assert-plus/-/assert-plus-1.0.0.tgz",
					"integrity": "sha1-8S4PPF13sLHN2RRpQuTpbB5N1SU="
				}
			}
		},
		"string_decoder": {
			"version": "1.1.1",
			"resolved": "https://nexus.wdf.sap.corp:8443/nexus/repository/build.milestones.npm/string_decoder/-/string_decoder-1.1.1.tgz",
			"integrity": "sha512-n/ShnvDi6FHbbVfviro+WojiFzv+s8MPMHBczVePfUpDJLwoLT0ht1l4YwBCbi8pJAveEEdnkHyPyTP/mzRfwg==",
			"requires": {
				"safe-buffer": "~5.1.0"
			}
		},
		"stringstream": {
			"version": "0.0.6",
			"resolved": "https://nexus.wdf.sap.corp:8443/nexus/repository/build.milestones.npm/stringstream/-/stringstream-0.0.6.tgz",
			"integrity": "sha512-87GEBAkegbBcweToUrdzf3eLhWNg06FJTebl4BVJz/JgWy8CvEr9dRtX5qWphiynMSQlxxi+QqN0z5T32SLlhA=="
		},
		"tar-stream": {
			"version": "1.6.2",
			"resolved": "https://nexus.wdf.sap.corp:8443/nexus/repository/build.milestones.npm/tar-stream/-/tar-stream-1.6.2.tgz",
			"integrity": "sha512-rzS0heiNf8Xn7/mpdSVVSMAWAoy9bfb1WOTYC78Z0UQKeKa/CWS8FOq0lKGNa8DWKAn9gxjCvMLYc5PGXYlK2A==",
			"requires": {
				"bl": "^1.0.0",
				"buffer-alloc": "^1.2.0",
				"end-of-stream": "^1.0.0",
				"fs-constants": "^1.0.0",
				"readable-stream": "^2.3.0",
				"to-buffer": "^1.1.1",
				"xtend": "^4.0.0"
			}
		},
		"to-buffer": {
			"version": "1.1.1",
			"resolved": "https://nexus.wdf.sap.corp:8443/nexus/repository/build.milestones.npm/to-buffer/-/to-buffer-1.1.1.tgz",
			"integrity": "sha512-lx9B5iv7msuFYE3dytT+KE5tap+rNYw+K4jVkb9R/asAb+pbBSM17jtunHplhBe6RRJdZx3Pn2Jph24O32mOVg=="
		},
		"tough-cookie": {
			"version": "2.3.4",
			"resolved": "https://nexus.wdf.sap.corp:8443/nexus/repository/build.milestones.npm/tough-cookie/-/tough-cookie-2.3.4.tgz",
			"integrity": "sha512-TZ6TTfI5NtZnuyy/Kecv+CnoROnyXn2DN97LontgQpCwsX2XyLYCC0ENhYkehSOwAp8rTQKc/NUIF7BkQ5rKLA==",
			"requires": {
				"punycode": "^1.4.1"
			}
		},
		"tunnel-agent": {
			"version": "0.6.0",
			"resolved": "https://nexus.wdf.sap.corp:8443/nexus/repository/build.milestones.npm/tunnel-agent/-/tunnel-agent-0.6.0.tgz",
			"integrity": "sha1-J6XeoGs2sEoKmWZ3SykIaPD8QP0=",
			"requires": {
				"safe-buffer": "^5.0.1"
			}
		},
		"tweetnacl": {
			"version": "0.14.5",
			"resolved": "https://nexus.wdf.sap.corp:8443/nexus/repository/build.milestones.npm/tweetnacl/-/tweetnacl-0.14.5.tgz",
			"integrity": "sha1-WuaBd/GS1EViadEIr6k/+HQ/T2Q="
		},
		"util-deprecate": {
			"version": "1.0.2",
			"resolved": "https://nexus.wdf.sap.corp:8443/nexus/repository/build.milestones.npm/util-deprecate/-/util-deprecate-1.0.2.tgz",
			"integrity": "sha1-RQ1Nyfpw3nMnYvvS1KKJgUGaDM8="
		},
		"uuid": {
			"version": "3.0.1",
			"resolved": "https://nexus.wdf.sap.corp:8443/nexus/repository/build.milestones.npm/uuid/-/uuid-3.0.1.tgz",
			"integrity": "sha1-ZUS7ot/ajBzxfmKaOjBeK7H+5sE="
		},
		"verror": {
			"version": "1.10.0",
			"resolved": "https://nexus.wdf.sap.corp:8443/nexus/repository/build.milestones.npm/verror/-/verror-1.10.0.tgz",
			"integrity": "sha1-OhBcoXBTr1XW4nDB+CiGguGNpAA=",
			"requires": {
				"assert-plus": "^1.0.0",
				"core-util-is": "1.0.2",
				"extsprintf": "^1.2.0"
			},
			"dependencies": {
				"assert-plus": {
					"version": "1.0.0",
					"resolved": "https://nexus.wdf.sap.corp:8443/nexus/repository/build.milestones.npm/assert-plus/-/assert-plus-1.0.0.tgz",
					"integrity": "sha1-8S4PPF13sLHN2RRpQuTpbB5N1SU="
				}
			}
		},
		"walkdir": {
			"version": "0.0.11",
			"resolved": "https://nexus.wdf.sap.corp:8443/nexus/repository/build.milestones.npm/walkdir/-/walkdir-0.0.11.tgz",
			"integrity": "sha1-oW0CXrkxvQO1LzCMrtD0D86+lTI="
		},
		"wrappy": {
			"version": "1.0.2",
			"resolved": "https://nexus.wdf.sap.corp:8443/nexus/repository/build.milestones.npm/wrappy/-/wrappy-1.0.2.tgz",
			"integrity": "sha1-tSQ9jz7BqjXxNkYFvA0QNuMKtp8="
		},
		"xtend": {
			"version": "4.0.1",
			"resolved": "https://nexus.wdf.sap.corp:8443/nexus/repository/build.milestones.npm/xtend/-/xtend-4.0.1.tgz",
			"integrity": "sha1-pcbVMr5lbiPbgg77lDofBJmNY68="
		},
		"zip-stream": {
			"version": "1.2.0",
			"resolved": "https://nexus.wdf.sap.corp:8443/nexus/repository/build.milestones.npm/zip-stream/-/zip-stream-1.2.0.tgz",
			"integrity": "sha1-qLxF9MG0lpnGuQGYuqyqzbzUugQ=",
			"requires": {
				"archiver-utils": "^1.3.0",
				"compress-commons": "^1.2.0",
				"lodash": "^4.8.0",
				"readable-stream": "^2.0.0"
			}
		}
	}
}
